
Microsoft Visual Studio Solution File, Format Version 12.00
# Visual Studio Version 17
VisualStudioVersion = 17.7.34221.43
MinimumVisualStudioVersion = 10.0.40219.1
Project("{9A19103F-16F7-4668-BE54-9A1E7A4F7556}") = "Examensarbete", "Examensarbete.csproj", "{574FAC48-A768-48EB-B714-4740984E2DD9}"
EndProject
Project("{FAE04EC0-301F-11D3-BF4B-00C04F79EFBC}") = "ExamensarbeteTests", "..\ExamensarbeteTests\ExamensarbeteTests.csproj", "{55B56DB3-92B4-4711-A765-E12EBE6A1A32}"
	ProjectSection(ProjectDependencies) = postProject
		{574FAC48-A768-48EB-B714-4740984E2DD9} = {574FAC48-A768-48EB-B714-4740984E2DD9}
	EndProjectSection
EndProject
Global
	GlobalSection(SolutionConfigurationPlatforms) = preSolution
		Debug|Any CPU = Debug|Any CPU
		Release|Any CPU = Release|Any CPU
	EndGlobalSection
	GlobalSection(ProjectConfigurationPlatforms) = postSolution
		{574FAC48-A768-48EB-B714-4740984E2DD9}.Debug|Any CPU.ActiveCfg = Debug|Any CPU
		{574FAC48-A768-48EB-B714-4740984E2DD9}.Debug|Any CPU.Build.0 = Debug|Any CPU
		{574FAC48-A768-48EB-B714-4740984E2DD9}.Release|Any CPU.ActiveCfg = Release|Any CPU
		{574FAC48-A768-48EB-B714-4740984E2DD9}.Release|Any CPU.Build.0 = Release|Any CPU
		{55B56DB3-92B4-4711-A765-E12EBE6A1A32}.Debug|Any CPU.ActiveCfg = Debug|Any CPU
		{55B56DB3-92B4-4711-A765-E12EBE6A1A32}.Debug|Any CPU.Build.0 = Debug|Any CPU
		{55B56DB3-92B4-4711-A765-E12EBE6A1A32}.Release|Any CPU.ActiveCfg = Release|Any CPU
		{55B56DB3-92B4-4711-A765-E12EBE6A1A32}.Release|Any CPU.Build.0 = Release|Any CPU
	EndGlobalSection
	GlobalSection(SolutionProperties) = preSolution
		HideSolutionNode = FALSE
	EndGlobalSection
	GlobalSection(ExtensibilityGlobals) = postSolution
		SolutionGuid = {B4D5FAF8-124F-46CC-8626-D7AF38A6BFCA}
	EndGlobalSection
EndGlobal
